
Microsoft Visual Studio Solution File, Format Version 12.00
# Visual Studio Version 17
VisualStudioVersion = 17.5.002.0
MinimumVisualStudioVersion = 10.0.40219.1
Project("{9A19103F-16F7-4668-BE54-9A1E7A4F7556}") = "BackendApp", "BackendApp.csproj", "{78B94C35-4DD5-4078-A4DE-23D42FA15A0C}"
EndProject
Global
	GlobalSection(SolutionConfigurationPlatforms) = preSolution
		Debug|Any CPU = Debug|Any CPU
		Release|Any CPU = Release|Any CPU
	EndGlobalSection
	GlobalSection(ProjectConfigurationPlatforms) = postSolution
		{78B94C35-4DD5-4078-A4DE-23D42FA15A0C}.Debug|Any CPU.ActiveCfg = Debug|Any CPU
		{78B94C35-4DD5-4078-A4DE-23D42FA15A0C}.Debug|Any CPU.Build.0 = Debug|Any CPU
		{78B94C35-4DD5-4078-A4DE-23D42FA15A0C}.Release|Any CPU.ActiveCfg = Release|Any CPU
		{78B94C35-4DD5-4078-A4DE-23D42FA15A0C}.Release|Any CPU.Build.0 = Release|Any CPU
	EndGlobalSection
	GlobalSection(SolutionProperties) = preSolution
		HideSolutionNode = FALSE
	EndGlobalSection
	GlobalSection(ExtensibilityGlobals) = postSolution
		SolutionGuid = {D8DBA52C-5335-43AF-9300-4972BAD2DB5F}
	EndGlobalSection
EndGlobal
